
Microsoft Visual Studio Solution File, Format Version 12.00
# Visual Studio Version 16
VisualStudioVersion = 25.0.1706.5
MinimumVisualStudioVersion = 10.0.40219.1
Project("{FAE04EC0-301F-11D3-BF4B-00C04F79EFBC}") = "CardapioDigital", "CardapioDigital.csproj", "{BE726BEF-84BB-478F-AAFD-A0A95EE33562}"
EndProject
Global
	GlobalSection(SolutionConfigurationPlatforms) = preSolution
		Debug|Any CPU = Debug|Any CPU
		Release|Any CPU = Release|Any CPU
	EndGlobalSection
	GlobalSection(ProjectConfigurationPlatforms) = postSolution
		{BE726BEF-84BB-478F-AAFD-A0A95EE33562}.Debug|Any CPU.ActiveCfg = Debug|Any CPU
		{BE726BEF-84BB-478F-AAFD-A0A95EE33562}.Debug|Any CPU.Build.0 = Debug|Any CPU
		{BE726BEF-84BB-478F-AAFD-A0A95EE33562}.Release|Any CPU.ActiveCfg = Release|Any CPU
		{BE726BEF-84BB-478F-AAFD-A0A95EE33562}.Release|Any CPU.Build.0 = Release|Any CPU
	EndGlobalSection
	GlobalSection(SolutionProperties) = preSolution
		HideSolutionNode = FALSE
	EndGlobalSection
	GlobalSection(ExtensibilityGlobals) = postSolution
		SolutionGuid = {05F96B86-3C2F-4B77-9752-BBA00AD7706C}
	EndGlobalSection
EndGlobal
